github.com/ymanshur/go-say-hello v1.0.0 h1:SwRybA1+qw6gKPHEXEC70ENfeIGcyKGuiU8rLVL/T0k=
github.com/ymanshur/go-say-hello v1.0.0/go.mod h1:ge2ZmXSHKh3d9ijQM72J/Tw4Lzm3HNzZ14p3dhNkgFk=
github.com/ymanshur/go-say-hello v1.1.0 h1:4p7VP2U3xnoPzTKgMWVazPW3AkbE6EGFIFtdRK5/0Vk=
github.com/ymanshur/go-say-hello v1.1.0/go.mod h1:ge2ZmXSHKh3d9ijQM72J/Tw4Lzm3HNzZ14p3dhNkgFk=
